// !$*UTF8*$!
{
	archiveVersion = 1;
	classes = {
	};
	objectVersion = 46;
	objects = {

/* Begin PBXBuildFile section */
		AA00000000000000000000B1 /* WebMTextureBinding.cpp in Sources */ = {isa = PBXBuildFile; fileRef = AA00000000000000000000A1 /* WebMTextureBinding.cpp */; };
		AA00000000000000000000B2 /* WebMDecoder.cpp in Sources */ = {isa = PBXBuildFile; fileRef = AA00000000000000000000A2 /* WebMDecoder.cpp */; };
		AA00000000000000000000B3 /* plugin_webm.c in Sources */ = {isa = PBXBuildFile; fileRef = AA00000000000000000000A3 /* plugin_webm.c */; };
/* End PBXBuildFile section */

/* Begin PBXFileReference section */
		AA00000000000000000000A1 /* WebMTextureBinding.cpp */ = {isa = PBXFileReference; lastKnownFileType = sourcecode.cpp.cpp; name = WebMTextureBinding.cpp; path = ../shared/src/lua/WebMTextureBinding.cpp; sourceTree = SOURCE_ROOT; };
		AA00000000000000000000A2 /* WebMDecoder.cpp */ = {isa = PBXFileReference; lastKnownFileType = sourcecode.cpp.cpp; name = WebMDecoder.cpp; path = ../shared/src/decoders/WebMDecoder.cpp; sourceTree = SOURCE_ROOT; };
		AA00000000000000000000A3 /* plugin_webm.c */ = {isa = PBXFileReference; lastKnownFileType = sourcecode.c.c; name = plugin_webm.c; path = ../shared/generated/plugin_webm.c; sourceTree = SOURCE_ROOT; };
		AA00000000000000000000A0 /* libplugin_webm.a */ = {isa = PBXFileReference; explicitFileType = archive.ar; includeInIndex = 0; path = libplugin_webm.a; sourceTree = BUILT_PRODUCTS_DIR; };
/* End PBXFileReference section */

/* Begin PBXFrameworksBuildPhase section */
		AA00000000000000000000F0 /* Frameworks */ = {
			isa = PBXFrameworksBuildPhase;
			buildActionMask = 2147483647;
			files = (
			);
			runOnlyForDeploymentPostprocessing = 0;
		};
/* End PBXFrameworksBuildPhase section */

/* Begin PBXGroup section */
		AA00000000000000000000C1 /* shared */ = {
			isa = PBXGroup;
			children = (
				AA00000000000000000000A1 /* WebMTextureBinding.cpp */,
				AA00000000000000000000A2 /* WebMDecoder.cpp */,
				AA00000000000000000000A3 /* plugin_webm.c */,
			);
			name = shared;
			sourceTree = "<group>";
		};
		AA00000000000000000000C0 /* mainGroup */ = {
			isa = PBXGroup;
			children = (
				AA00000000000000000000C1 /* shared */,
				AA00000000000000000000CF /* Products */,
			);
			sourceTree = "<group>";
		};
		AA00000000000000000000CF /* Products */ = {
			isa = PBXGroup;
			children = (
				AA00000000000000000000A0 /* libplugin_webm.a */,
			);
			name = Products;
			sourceTree = "<group>";
		};
/* End PBXGroup section */

/* Begin PBXNativeTarget section */
		AA00000000000000000000D0 /* plugin_webm */ = {
			isa = PBXNativeTarget;
			buildConfigurationList = AA00000000000000000000EB /* Build configuration list for PBXNativeTarget "plugin_webm" */;
			buildPhases = (
				AA00000000000000000000E0 /* Sources */,
				AA00000000000000000000F0 /* Frameworks */,
			);
			buildRules = (
			);
			dependencies = (
			);
			name = plugin_webm;
			productName = plugin_webm;
			productReference = AA00000000000000000000A0 /* libplugin_webm.a */;
			productType = "com.apple.product-type.library.static";
		};
/* End PBXNativeTarget section */

/* Begin PBXProject section */
		AA00000000000000000000DF /* Project object */ = {
			isa = PBXProject;
			attributes = {
				LastUpgradeCheck = 0940;
			};
			buildConfigurationList = AA00000000000000000000EA /* Build configuration list for PBXProject "Plugin" */;
			compatibilityVersion = "Xcode 3.2";
			developmentRegion = English;
			hasScannedForEncodings = 0;
			knownRegions = (
				English,
				en,
				Base,
			);
			mainGroup = AA00000000000000000000C0 /* mainGroup */;
			productRefGroup = AA00000000000000000000CF /* Products */;
			projectDirPath = "";
			projectRoot = "";
			targets = (
				AA00000000000000000000D0 /* plugin_webm */,
			);
		};
/* End PBXProject section */

/* Begin PBXSourcesBuildPhase section */
		AA00000000000000000000E0 /* Sources */ = {
			isa = PBXSourcesBuildPhase;
			buildActionMask = 2147483647;
			files = (
				AA00000000000000000000B1 /* WebMTextureBinding.cpp in Sources */,
				AA00000000000000000000B2 /* WebMDecoder.cpp in Sources */,
				AA00000000000000000000B3 /* plugin_webm.c in Sources */,
			);
			runOnlyForDeploymentPostprocessing = 0;
		};
/* End PBXSourcesBuildPhase section */

/* Begin XCBuildConfiguration section */
		AA00000000000000000000EC /* Debug */ = {
			isa = XCBuildConfiguration;
			buildSettings = {
				ALWAYS_SEARCH_USER_PATHS = NO;
				ARCHS = "$(ARCHS_STANDARD)";
				CLANG_CXX_LANGUAGE_STANDARD = "c++14";
				CLANG_CXX_LIBRARY = "libc++";
				CODE_SIGNING_REQUIRED = NO;
				"CODE_SIGN_IDENTITY[sdk=iphoneos*]" = "";
				COPY_PHASE_STRIP = NO;
				ENABLE_BITCODE = NO;
				GCC_C_LANGUAGE_STANDARD = gnu99;
				GCC_DYNAMIC_NO_PIC = NO;
				GCC_OPTIMIZATION_LEVEL = 0;
				GCC_PREPROCESSOR_DEFINITIONS = (
					"DEBUG=1",
					"$(inherited)",
				);
				IPHONEOS_DEPLOYMENT_TARGET = 12.0;
				ONLY_ACTIVE_ARCH = YES;
				SDKROOT = iphoneos;
				TARGETED_DEVICE_FAMILY = "1,2";
			};
			name = Debug;
		};
		AA00000000000000000000ED /* Release */ = {
			isa = XCBuildConfiguration;
			buildSettings = {
				ALWAYS_SEARCH_USER_PATHS = NO;
				ARCHS = "$(ARCHS_STANDARD)";
				CLANG_CXX_LANGUAGE_STANDARD = "c++14";
				CLANG_CXX_LIBRARY = "libc++";
				CODE_SIGNING_REQUIRED = NO;
				"CODE_SIGN_IDENTITY[sdk=iphoneos*]" = "";
				COPY_PHASE_STRIP = YES;
				ENABLE_BITCODE = NO;
				GCC_C_LANGUAGE_STANDARD = gnu99;
				IPHONEOS_DEPLOYMENT_TARGET = 12.0;
				ONLY_ACTIVE_ARCH = NO;
				SDKROOT = iphoneos;
				TARGETED_DEVICE_FAMILY = "1,2";
				VALIDATE_PRODUCT = YES;
			};
			name = Release;
		};
		AA00000000000000000000EE /* Debug */ = {
			isa = XCBuildConfiguration;
			buildSettings = {
				EXECUTABLE_PREFIX = lib;
				HEADER_SEARCH_PATHS = (
					"${SRCROOT}/../shared/include",
					"${SRCROOT}/../../third_party/libvpx",
					"${SRCROOT}/../../third_party/libwebm",
					"${SRCROOT}/../../third_party/opus/include",
				);
				PRODUCT_NAME = plugin_webm;
				SKIP_INSTALL = YES;
				USER_HEADER_SEARCH_PATHS = "${SRCROOT}/Native/Corona/shared/include/Corona ${SRCROOT}/Native/Corona/shared/include/lua ${SRCROOT}/../native-sdk/include/Corona ${SRCROOT}/../native-sdk/include/lua";
			};
			name = Debug;
		};
		AA00000000000000000000EF /* Release */ = {
			isa = XCBuildConfiguration;
			buildSettings = {
				EXECUTABLE_PREFIX = lib;
				HEADER_SEARCH_PATHS = (
					"${SRCROOT}/../shared/include",
					"${SRCROOT}/../../third_party/libvpx",
					"${SRCROOT}/../../third_party/libwebm",
					"${SRCROOT}/../../third_party/opus/include",
				);
				PRODUCT_NAME = plugin_webm;
				SKIP_INSTALL = YES;
				USER_HEADER_SEARCH_PATHS = "${SRCROOT}/Native/Corona/shared/include/Corona ${SRCROOT}/Native/Corona/shared/include/lua ${SRCROOT}/../native-sdk/include/Corona ${SRCROOT}/../native-sdk/include/lua";
			};
			name = Release;
		};
/* End XCBuildConfiguration section */

/* Begin XCConfigurationList section */
		AA00000000000000000000EA /* Build configuration list for PBXProject "Plugin" */ = {
			isa = XCConfigurationList;
			buildConfigurations = (
				AA00000000000000000000EC /* Debug */,
				AA00000000000000000000ED /* Release */,
			);
			defaultConfigurationIsVisible = 0;
			defaultConfigurationName = Release;
		};
		AA00000000000000000000EB /* Build configuration list for PBXNativeTarget "plugin_webm" */ = {
			isa = XCConfigurationList;
			buildConfigurations = (
				AA00000000000000000000EE /* Debug */,
				AA00000000000000000000EF /* Release */,
			);
			defaultConfigurationIsVisible = 0;
			defaultConfigurationName = Release;
		};
/* End XCConfigurationList section */
	};
	rootObject = AA00000000000000000000DF /* Project object */;
}
